
Microsoft Visual Studio Solution File, Format Version 12.00
# Visual Studio Version 17
VisualStudioVersion = 17.3.32819.101
MinimumVisualStudioVersion = 10.0.40219.1
Project("{FAE04EC0-301F-11D3-BF4B-00C04F79EFBC}") = "DXApplication1", "DXApplication1\DXApplication1.csproj", "{2DDBCF5C-DBBB-41F1-AA62-00DF75170D1D}"
EndProject
Global
	GlobalSection(SolutionConfigurationPlatforms) = preSolution
		Debug|Any CPU = Debug|Any CPU
		Release|Any CPU = Release|Any CPU
	EndGlobalSection
	GlobalSection(ProjectConfigurationPlatforms) = postSolution
		{2DDBCF5C-DBBB-41F1-AA62-00DF75170D1D}.Debug|Any CPU.ActiveCfg = Debug|Any CPU
		{2DDBCF5C-DBBB-41F1-AA62-00DF75170D1D}.Debug|Any CPU.Build.0 = Debug|Any CPU
		{2DDBCF5C-DBBB-41F1-AA62-00DF75170D1D}.Release|Any CPU.ActiveCfg = Release|Any CPU
		{2DDBCF5C-DBBB-41F1-AA62-00DF75170D1D}.Release|Any CPU.Build.0 = Release|Any CPU
	EndGlobalSection
	GlobalSection(SolutionProperties) = preSolution
		HideSolutionNode = FALSE
	EndGlobalSection
	GlobalSection(ExtensibilityGlobals) = postSolution
		SolutionGuid = {98C6AC4F-9813-4F90-AB57-A7CF7324F73C}
	EndGlobalSection
EndGlobal
